
Microsoft Visual Studio Solution File, Format Version 12.00
# Visual Studio Version 17
VisualStudioVersion = 17.0.32112.339
MinimumVisualStudioVersion = 10.0.40219.1
Project("{9A19103F-16F7-4668-BE54-9A1E7A4F7556}") = "SimpleWebAPI", "SimpleWebAPI.csproj", "{6A4EC97A-92EF-4BF0-A394-E3A12FBE6B6E}"
EndProject
Global
	GlobalSection(SolutionConfigurationPlatforms) = preSolution
		Debug|Any CPU = Debug|Any CPU
		Release|Any CPU = Release|Any CPU
	EndGlobalSection
	GlobalSection(ProjectConfigurationPlatforms) = postSolution
		{6A4EC97A-92EF-4BF0-A394-E3A12FBE6B6E}.Debug|Any CPU.ActiveCfg = Debug|Any CPU
		{6A4EC97A-92EF-4BF0-A394-E3A12FBE6B6E}.Debug|Any CPU.Build.0 = Debug|Any CPU
		{6A4EC97A-92EF-4BF0-A394-E3A12FBE6B6E}.Release|Any CPU.ActiveCfg = Release|Any CPU
		{6A4EC97A-92EF-4BF0-A394-E3A12FBE6B6E}.Release|Any CPU.Build.0 = Release|Any CPU
	EndGlobalSection
	GlobalSection(SolutionProperties) = preSolution
		HideSolutionNode = FALSE
	EndGlobalSection
	GlobalSection(ExtensibilityGlobals) = postSolution
		SolutionGuid = {25846DC2-DB5E-4FD8-9BC6-C470B755CB79}
	EndGlobalSection
EndGlobal
