
Microsoft Visual Studio Solution File, Format Version 12.00
# Visual Studio Version 17
VisualStudioVersion = 17.0.32112.339
MinimumVisualStudioVersion = 10.0.40219.1
Project("{FAE04EC0-301F-11D3-BF4B-00C04F79EFBC}") = "EmptyWeb6.0", "EmptyWeb6.0\EmptyWeb6.0.csproj", "{D1442A48-7C47-4B0E-9D41-538F6692ECA9}"
EndProject
Global
	GlobalSection(SolutionConfigurationPlatforms) = preSolution
		Debug|Any CPU = Debug|Any CPU
		Release|Any CPU = Release|Any CPU
	EndGlobalSection
	GlobalSection(ProjectConfigurationPlatforms) = postSolution
		{D1442A48-7C47-4B0E-9D41-538F6692ECA9}.Debug|Any CPU.ActiveCfg = Debug|Any CPU
		{D1442A48-7C47-4B0E-9D41-538F6692ECA9}.Debug|Any CPU.Build.0 = Debug|Any CPU
		{D1442A48-7C47-4B0E-9D41-538F6692ECA9}.Release|Any CPU.ActiveCfg = Release|Any CPU
		{D1442A48-7C47-4B0E-9D41-538F6692ECA9}.Release|Any CPU.Build.0 = Release|Any CPU
	EndGlobalSection
	GlobalSection(SolutionProperties) = preSolution
		HideSolutionNode = FALSE
	EndGlobalSection
	GlobalSection(ExtensibilityGlobals) = postSolution
		SolutionGuid = {BFAE420D-6BF9-4DE8-9C7D-54DB9C32AB53}
	EndGlobalSection
EndGlobal
