
Microsoft Visual Studio Solution File, Format Version 12.00
# Visual Studio Version 17
VisualStudioVersion = 17.0.32112.339
MinimumVisualStudioVersion = 10.0.40219.1
Project("{FAE04EC0-301F-11D3-BF4B-00C04F79EFBC}") = "L08HandsOnDB", "L08HandsOnDB.csproj", "{16D3868C-44B8-4186-BDA5-6B03E0CB0C0C}"
EndProject
Global
	GlobalSection(SolutionConfigurationPlatforms) = preSolution
		Debug|Any CPU = Debug|Any CPU
		Release|Any CPU = Release|Any CPU
	EndGlobalSection
	GlobalSection(ProjectConfigurationPlatforms) = postSolution
		{16D3868C-44B8-4186-BDA5-6B03E0CB0C0C}.Debug|Any CPU.ActiveCfg = Debug|Any CPU
		{16D3868C-44B8-4186-BDA5-6B03E0CB0C0C}.Debug|Any CPU.Build.0 = Debug|Any CPU
		{16D3868C-44B8-4186-BDA5-6B03E0CB0C0C}.Release|Any CPU.ActiveCfg = Release|Any CPU
		{16D3868C-44B8-4186-BDA5-6B03E0CB0C0C}.Release|Any CPU.Build.0 = Release|Any CPU
	EndGlobalSection
	GlobalSection(SolutionProperties) = preSolution
		HideSolutionNode = FALSE
	EndGlobalSection
	GlobalSection(ExtensibilityGlobals) = postSolution
		SolutionGuid = {969F3B77-CF56-4FFD-B3BE-CA9FA9DD883E}
	EndGlobalSection
EndGlobal
