
Microsoft Visual Studio Solution File, Format Version 12.00
# Visual Studio Version 17
VisualStudioVersion = 17.0.32112.339
MinimumVisualStudioVersion = 10.0.40219.1
Project("{9A19103F-16F7-4668-BE54-9A1E7A4F7556}") = "L08HandsOn", "L08HandsOn.csproj", "{6FD8E9E8-3A18-45DD-9190-3DE9F5EC2A32}"
EndProject
Global
	GlobalSection(SolutionConfigurationPlatforms) = preSolution
		Debug|Any CPU = Debug|Any CPU
		Release|Any CPU = Release|Any CPU
	EndGlobalSection
	GlobalSection(ProjectConfigurationPlatforms) = postSolution
		{6FD8E9E8-3A18-45DD-9190-3DE9F5EC2A32}.Debug|Any CPU.ActiveCfg = Debug|Any CPU
		{6FD8E9E8-3A18-45DD-9190-3DE9F5EC2A32}.Debug|Any CPU.Build.0 = Debug|Any CPU
		{6FD8E9E8-3A18-45DD-9190-3DE9F5EC2A32}.Release|Any CPU.ActiveCfg = Release|Any CPU
		{6FD8E9E8-3A18-45DD-9190-3DE9F5EC2A32}.Release|Any CPU.Build.0 = Release|Any CPU
	EndGlobalSection
	GlobalSection(SolutionProperties) = preSolution
		HideSolutionNode = FALSE
	EndGlobalSection
	GlobalSection(ExtensibilityGlobals) = postSolution
		SolutionGuid = {36AEF3E0-492D-496F-90A7-CB1DC3C1DED3}
	EndGlobalSection
EndGlobal
