
Microsoft Visual Studio Solution File, Format Version 12.00
# Visual Studio Version 17
VisualStudioVersion = 17.0.32112.339
MinimumVisualStudioVersion = 10.0.40219.1
Project("{FAE04EC0-301F-11D3-BF4B-00C04F79EFBC}") = "L08HandsOnASPNetDB", "L08HandsOnASPNetDB.csproj", "{DF50E69E-4462-4C93-B061-14F962C9AA28}"
EndProject
Global
	GlobalSection(SolutionConfigurationPlatforms) = preSolution
		Debug|Any CPU = Debug|Any CPU
		Release|Any CPU = Release|Any CPU
	EndGlobalSection
	GlobalSection(ProjectConfigurationPlatforms) = postSolution
		{DF50E69E-4462-4C93-B061-14F962C9AA28}.Debug|Any CPU.ActiveCfg = Debug|Any CPU
		{DF50E69E-4462-4C93-B061-14F962C9AA28}.Debug|Any CPU.Build.0 = Debug|Any CPU
		{DF50E69E-4462-4C93-B061-14F962C9AA28}.Release|Any CPU.ActiveCfg = Release|Any CPU
		{DF50E69E-4462-4C93-B061-14F962C9AA28}.Release|Any CPU.Build.0 = Release|Any CPU
	EndGlobalSection
	GlobalSection(SolutionProperties) = preSolution
		HideSolutionNode = FALSE
	EndGlobalSection
	GlobalSection(ExtensibilityGlobals) = postSolution
		SolutionGuid = {D97834F4-5CD0-4F0E-B674-845B61D68BB4}
	EndGlobalSection
EndGlobal
